// !$*UTF8*$!
{
	archiveVersion = 1;
	classes = {
	};
	objectVersion = 56;
	objects = {

/* Begin PBXBuildFile section */
		83358DCC2C55CA1000F0787B /* SwiftUIVideoFeedTutorialApp.swift in Sources */ = {isa = PBXBuildFile; fileRef = 83358DCB2C55CA1000F0787B /* SwiftUIVideoFeedTutorialApp.swift */; };
		83358DCE2C55CA1000F0787B /* ContentView.swift in Sources */ = {isa = PBXBuildFile; fileRef = 83358DCD2C55CA1000F0787B /* ContentView.swift */; };
		83358DD02C55CA1200F0787B /* Assets.xcassets in Resources */ = {isa = PBXBuildFile; fileRef = 83358DCF2C55CA1200F0787B /* Assets.xcassets */; };
		83358DD32C55CA1200F0787B /* Preview Assets.xcassets in Resources */ = {isa = PBXBuildFile; fileRef = 83358DD22C55CA1200F0787B /* Preview Assets.xcassets */; };
		83358DDF2C55CB7F00F0787B /* ContentViewModel.swift in Sources */ = {isa = PBXBuildFile; fileRef = 83358DDE2C55CB7F00F0787B /* ContentViewModel.swift */; };
		83358DE12C55D2F800F0787B /* GoogleService-Info.plist in Resources */ = {isa = PBXBuildFile; fileRef = 83358DE02C55D2F800F0787B /* GoogleService-Info.plist */; };
		83358DE42C55D40800F0787B /* FirebaseFirestore in Frameworks */ = {isa = PBXBuildFile; productRef = 83358DE32C55D40800F0787B /* FirebaseFirestore */; };
		83358DE62C55D40800F0787B /* FirebaseFirestoreSwift in Frameworks */ = {isa = PBXBuildFile; productRef = 83358DE52C55D40800F0787B /* FirebaseFirestoreSwift */; };
		83358DE82C55D40800F0787B /* FirebaseStorage in Frameworks */ = {isa = PBXBuildFile; productRef = 83358DE72C55D40800F0787B /* FirebaseStorage */; };
		83358DEA2C55D4B700F0787B /* VideoUploader.swift in Sources */ = {isa = PBXBuildFile; fileRef = 83358DE92C55D4B700F0787B /* VideoUploader.swift */; };
		83358DEC2C55DA0800F0787B /* VIdeo.swift in Sources */ = {isa = PBXBuildFile; fileRef = 83358DEB2C55DA0800F0787B /* VIdeo.swift */; };
/* End PBXBuildFile section */

/* Begin PBXFileReference section */
		83358DC82C55CA1000F0787B /* SwiftUIVideoFeedTutorial.app */ = {isa = PBXFileReference; explicitFileType = wrapper.application; includeInIndex = 0; path = SwiftUIVideoFeedTutorial.app; sourceTree = BUILT_PRODUCTS_DIR; };
		83358DCB2C55CA1000F0787B /* SwiftUIVideoFeedTutorialApp.swift */ = {isa = PBXFileReference; lastKnownFileType = sourcecode.swift; path = SwiftUIVideoFeedTutorialApp.swift; sourceTree = "<group>"; };
		83358DCD2C55CA1000F0787B /* ContentView.swift */ = {isa = PBXFileReference; lastKnownFileType = sourcecode.swift; path = ContentView.swift; sourceTree = "<group>"; };
		83358DCF2C55CA1200F0787B /* Assets.xcassets */ = {isa = PBXFileReference; lastKnownFileType = folder.assetcatalog; path = Assets.xcassets; sourceTree = "<group>"; };
		83358DD22C55CA1200F0787B /* Preview Assets.xcassets */ = {isa = PBXFileReference; lastKnownFileType = folder.assetcatalog; path = "Preview Assets.xcassets"; sourceTree = "<group>"; };
		83358DDE2C55CB7F00F0787B /* ContentViewModel.swift */ = {isa = PBXFileReference; lastKnownFileType = sourcecode.swift; path = ContentViewModel.swift; sourceTree = "<group>"; };
		83358DE02C55D2F800F0787B /* GoogleService-Info.plist */ = {isa = PBXFileReference; fileEncoding = 4; lastKnownFileType = text.plist.xml; path = "GoogleService-Info.plist"; sourceTree = "<group>"; };
		83358DE92C55D4B700F0787B /* VideoUploader.swift */ = {isa = PBXFileReference; lastKnownFileType = sourcecode.swift; path = VideoUploader.swift; sourceTree = "<group>"; };
		83358DEB2C55DA0800F0787B /* VIdeo.swift */ = {isa = PBXFileReference; lastKnownFileType = sourcecode.swift; path = VIdeo.swift; sourceTree = "<group>"; };
/* End PBXFileReference section */

/* Begin PBXFrameworksBuildPhase section */
		83358DC52C55CA1000F0787B /* Frameworks */ = {
			isa = PBXFrameworksBuildPhase;
			buildActionMask = 2147483647;
			files = (
				83358DE42C55D40800F0787B /* FirebaseFirestore in Frameworks */,
				83358DE62C55D40800F0787B /* FirebaseFirestoreSwift in Frameworks */,
				83358DE82C55D40800F0787B /* FirebaseStorage in Frameworks */,
			);
			runOnlyForDeploymentPostprocessing = 0;
		};
/* End PBXFrameworksBuildPhase section */

/* Begin PBXGroup section */
		83358DBF2C55CA1000F0787B = {
			isa = PBXGroup;
			children = (
				83358DCA2C55CA1000F0787B /* SwiftUIVideoFeedTutorial */,
				83358DE02C55D2F800F0787B /* GoogleService-Info.plist */,
				83358DC92C55CA1000F0787B /* Products */,
			);
			sourceTree = "<group>";
		};
		83358DC92C55CA1000F0787B /* Products */ = {
			isa = PBXGroup;
			children = (
				83358DC82C55CA1000F0787B /* SwiftUIVideoFeedTutorial.app */,
			);
			name = Products;
			sourceTree = "<group>";
		};
		83358DCA2C55CA1000F0787B /* SwiftUIVideoFeedTutorial */ = {
			isa = PBXGroup;
			children = (
				83358DD92C55CA1C00F0787B /* App */,
				83358DDD2C55CA2E00F0787B /* Model */,
				83358DDC2C55CA2A00F0787B /* View */,
				83358DDB2C55CA2600F0787B /* ViewModel */,
				83358DDA2C55CA2300F0787B /* Service */,
				83358DCF2C55CA1200F0787B /* Assets.xcassets */,
				83358DD12C55CA1200F0787B /* Preview Content */,
			);
			path = SwiftUIVideoFeedTutorial;
			sourceTree = "<group>";
		};
		83358DD12C55CA1200F0787B /* Preview Content */ = {
			isa = PBXGroup;
			children = (
				83358DD22C55CA1200F0787B /* Preview Assets.xcassets */,
			);
			path = "Preview Content";
			sourceTree = "<group>";
		};
		83358DD92C55CA1C00F0787B /* App */ = {
			isa = PBXGroup;
			children = (
				83358DCB2C55CA1000F0787B /* SwiftUIVideoFeedTutorialApp.swift */,
			);
			path = App;
			sourceTree = "<group>";
		};
		83358DDA2C55CA2300F0787B /* Service */ = {
			isa = PBXGroup;
			children = (
				83358DE92C55D4B700F0787B /* VideoUploader.swift */,
			);
			path = Service;
			sourceTree = "<group>";
		};
		83358DDB2C55CA2600F0787B /* ViewModel */ = {
			isa = PBXGroup;
			children = (
				83358DDE2C55CB7F00F0787B /* ContentViewModel.swift */,
			);
			path = ViewModel;
			sourceTree = "<group>";
		};
		83358DDC2C55CA2A00F0787B /* View */ = {
			isa = PBXGroup;
			children = (
				83358DCD2C55CA1000F0787B /* ContentView.swift */,
			);
			path = View;
			sourceTree = "<group>";
		};
		83358DDD2C55CA2E00F0787B /* Model */ = {
			isa = PBXGroup;
			children = (
				83358DEB2C55DA0800F0787B /* VIdeo.swift */,
			);
			path = Model;
			sourceTree = "<group>";
		};
/* End PBXGroup section */

/* Begin PBXNativeTarget section */
		83358DC72C55CA1000F0787B /* SwiftUIVideoFeedTutorial */ = {
			isa = PBXNativeTarget;
			buildConfigurationList = 83358DD62C55CA1200F0787B /* Build configuration list for PBXNativeTarget "SwiftUIVideoFeedTutorial" */;
			buildPhases = (
				83358DC42C55CA1000F0787B /* Sources */,
				83358DC52C55CA1000F0787B /* Frameworks */,
				83358DC62C55CA1000F0787B /* Resources */,
			);
			buildRules = (
			);
			dependencies = (
			);
			name = SwiftUIVideoFeedTutorial;
			packageProductDependencies = (
				83358DE32C55D40800F0787B /* FirebaseFirestore */,
				83358DE52C55D40800F0787B /* FirebaseFirestoreSwift */,
				83358DE72C55D40800F0787B /* FirebaseStorage */,
			);
			productName = SwiftUIVideoFeedTutorial;
			productReference = 83358DC82C55CA1000F0787B /* SwiftUIVideoFeedTutorial.app */;
			productType = "com.apple.product-type.application";
		};
/* End PBXNativeTarget section */

/* Begin PBXProject section */
		83358DC02C55CA1000F0787B /* Project object */ = {
			isa = PBXProject;
			attributes = {
				BuildIndependentTargetsInParallel = 1;
				LastSwiftUpdateCheck = 1540;
				LastUpgradeCheck = 1540;
				TargetAttributes = {
					83358DC72C55CA1000F0787B = {
						CreatedOnToolsVersion = 15.4;
					};
				};
			};
			buildConfigurationList = 83358DC32C55CA1000F0787B /* Build configuration list for PBXProject "SwiftUIVideoFeedTutorial" */;
			compatibilityVersion = "Xcode 14.0";
			developmentRegion = en;
			hasScannedForEncodings = 0;
			knownRegions = (
				en,
				Base,
			);
			mainGroup = 83358DBF2C55CA1000F0787B;
			packageReferences = (
				83358DE22C55D40800F0787B /* XCRemoteSwiftPackageReference "firebase-ios-sdk" */,
			);
			productRefGroup = 83358DC92C55CA1000F0787B /* Products */;
			projectDirPath = "";
			projectRoot = "";
			targets = (
				83358DC72C55CA1000F0787B /* SwiftUIVideoFeedTutorial */,
			);
		};
/* End PBXProject section */

/* Begin PBXResourcesBuildPhase section */
		83358DC62C55CA1000F0787B /* Resources */ = {
			isa = PBXResourcesBuildPhase;
			buildActionMask = 2147483647;
			files = (
				83358DD32C55CA1200F0787B /* Preview Assets.xcassets in Resources */,
				83358DD02C55CA1200F0787B /* Assets.xcassets in Resources */,
				83358DE12C55D2F800F0787B /* GoogleService-Info.plist in Resources */,
			);
			runOnlyForDeploymentPostprocessing = 0;
		};
/* End PBXResourcesBuildPhase section */

/* Begin PBXSourcesBuildPhase section */
		83358DC42C55CA1000F0787B /* Sources */ = {
			isa = PBXSourcesBuildPhase;
			buildActionMask = 2147483647;
			files = (
				83358DEC2C55DA0800F0787B /* VIdeo.swift in Sources */,
				83358DCE2C55CA1000F0787B /* ContentView.swift in Sources */,
				83358DEA2C55D4B700F0787B /* VideoUploader.swift in Sources */,
				83358DCC2C55CA1000F0787B /* SwiftUIVideoFeedTutorialApp.swift in Sources */,
				83358DDF2C55CB7F00F0787B /* ContentViewModel.swift in Sources */,
			);
			runOnlyForDeploymentPostprocessing = 0;
		};
/* End PBXSourcesBuildPhase section */

/* Begin XCBuildConfiguration section */
		83358DD42C55CA1200F0787B /* Debug */ = {
			isa = XCBuildConfiguration;
			buildSettings = {
				ALWAYS_SEARCH_USER_PATHS = NO;
				ASSETCATALOG_COMPILER_GENERATE_SWIFT_ASSET_SYMBOL_EXTENSIONS = YES;
				CLANG_ANALYZER_NONNULL = YES;
				CLANG_ANALYZER_NUMBER_OBJECT_CONVERSION = YES_AGGRESSIVE;
				CLANG_CXX_LANGUAGE_STANDARD = "gnu++20";
				CLANG_ENABLE_MODULES = YES;
				CLANG_ENABLE_OBJC_ARC = YES;
				CLANG_ENABLE_OBJC_WEAK = YES;
				CLANG_WARN_BLOCK_CAPTURE_AUTORELEASING = YES;
				CLANG_WARN_BOOL_CONVERSION = YES;
				CLANG_WARN_COMMA = YES;
				CLANG_WARN_CONSTANT_CONVERSION = YES;
				CLANG_WARN_DEPRECATED_OBJC_IMPLEMENTATIONS = YES;
				CLANG_WARN_DIRECT_OBJC_ISA_USAGE = YES_ERROR;
				CLANG_WARN_DOCUMENTATION_COMMENTS = YES;
				CLANG_WARN_EMPTY_BODY = YES;
				CLANG_WARN_ENUM_CONVERSION = YES;
				CLANG_WARN_INFINITE_RECURSION = YES;
				CLANG_WARN_INT_CONVERSION = YES;
				CLANG_WARN_NON_LITERAL_NULL_CONVERSION = YES;
				CLANG_WARN_OBJC_IMPLICIT_RETAIN_SELF = YES;
				CLANG_WARN_OBJC_LITERAL_CONVERSION = YES;
				CLANG_WARN_OBJC_ROOT_CLASS = YES_ERROR;
				CLANG_WARN_QUOTED_INCLUDE_IN_FRAMEWORK_HEADER = YES;
				CLANG_WARN_RANGE_LOOP_ANALYSIS = YES;
				CLANG_WARN_STRICT_PROTOTYPES = YES;
				CLANG_WARN_SUSPICIOUS_MOVE = YES;
				CLANG_WARN_UNGUARDED_AVAILABILITY = YES_AGGRESSIVE;
				CLANG_WARN_UNREACHABLE_CODE = YES;
				CLANG_WARN__DUPLICATE_METHOD_MATCH = YES;
				COPY_PHASE_STRIP = NO;
				DEBUG_INFORMATION_FORMAT = dwarf;
				ENABLE_STRICT_OBJC_MSGSEND = YES;
				ENABLE_TESTABILITY = YES;
				ENABLE_USER_SCRIPT_SANDBOXING = YES;
				GCC_C_LANGUAGE_STANDARD = gnu17;
				GCC_DYNAMIC_NO_PIC = NO;
				GCC_NO_COMMON_BLOCKS = YES;
				GCC_OPTIMIZATION_LEVEL = 0;
				GCC_PREPROCESSOR_DEFINITIONS = (
					"DEBUG=1",
					"$(inherited)",
				);
				GCC_WARN_64_TO_32_BIT_CONVERSION = YES;
				GCC_WARN_ABOUT_RETURN_TYPE = YES_ERROR;
				GCC_WARN_UNDECLARED_SELECTOR = YES;
				GCC_WARN_UNINITIALIZED_AUTOS = YES_AGGRESSIVE;
				GCC_WARN_UNUSED_FUNCTION = YES;
				GCC_WARN_UNUSED_VARIABLE = YES;
				IPHONEOS_DEPLOYMENT_TARGET = 17.5;
				LOCALIZATION_PREFERS_STRING_CATALOGS = YES;
				MTL_ENABLE_DEBUG_INFO = INCLUDE_SOURCE;
				MTL_FAST_MATH = YES;
				ONLY_ACTIVE_ARCH = YES;
				SDKROOT = iphoneos;
				SWIFT_ACTIVE_COMPILATION_CONDITIONS = "DEBUG $(inherited)";
				SWIFT_OPTIMIZATION_LEVEL = "-Onone";
			};
			name = Debug;
		};
		83358DD52C55CA1200F0787B /* Release */ = {
			isa = XCBuildConfiguration;
			buildSettings = {
				ALWAYS_SEARCH_USER_PATHS = NO;
				ASSETCATALOG_COMPILER_GENERATE_SWIFT_ASSET_SYMBOL_EXTENSIONS = YES;
				CLANG_ANALYZER_NONNULL = YES;
				CLANG_ANALYZER_NUMBER_OBJECT_CONVERSION = YES_AGGRESSIVE;
				CLANG_CXX_LANGUAGE_STANDARD = "gnu++20";
				CLANG_ENABLE_MODULES = YES;
				CLANG_ENABLE_OBJC_ARC = YES;
				CLANG_ENABLE_OBJC_WEAK = YES;
				CLANG_WARN_BLOCK_CAPTURE_AUTORELEASING = YES;
				CLANG_WARN_BOOL_CONVERSION = YES;
				CLANG_WARN_COMMA = YES;
				CLANG_WARN_CONSTANT_CONVERSION = YES;
				CLANG_WARN_DEPRECATED_OBJC_IMPLEMENTATIONS = YES;
				CLANG_WARN_DIRECT_OBJC_ISA_USAGE = YES_ERROR;
				CLANG_WARN_DOCUMENTATION_COMMENTS = YES;
				CLANG_WARN_EMPTY_BODY = YES;
				CLANG_WARN_ENUM_CONVERSION = YES;
				CLANG_WARN_INFINITE_RECURSION = YES;
				CLANG_WARN_INT_CONVERSION = YES;
				CLANG_WARN_NON_LITERAL_NULL_CONVERSION = YES;
				CLANG_WARN_OBJC_IMPLICIT_RETAIN_SELF = YES;
				CLANG_WARN_OBJC_LITERAL_CONVERSION = YES;
				CLANG_WARN_OBJC_ROOT_CLASS = YES_ERROR;
				CLANG_WARN_QUOTED_INCLUDE_IN_FRAMEWORK_HEADER = YES;
				CLANG_WARN_RANGE_LOOP_ANALYSIS = YES;
				CLANG_WARN_STRICT_PROTOTYPES = YES;
				CLANG_WARN_SUSPICIOUS_MOVE = YES;
				CLANG_WARN_UNGUARDED_AVAILABILITY = YES_AGGRESSIVE;
				CLANG_WARN_UNREACHABLE_CODE = YES;
				CLANG_WARN__DUPLICATE_METHOD_MATCH = YES;
				COPY_PHASE_STRIP = NO;
				DEBUG_INFORMATION_FORMAT = "dwarf-with-dsym";
				ENABLE_NS_ASSERTIONS = NO;
				ENABLE_STRICT_OBJC_MSGSEND = YES;
				ENABLE_USER_SCRIPT_SANDBOXING = YES;
				GCC_C_LANGUAGE_STANDARD = gnu17;
				GCC_NO_COMMON_BLOCKS = YES;
				GCC_WARN_64_TO_32_BIT_CONVERSION = YES;
				GCC_WARN_ABOUT_RETURN_TYPE = YES_ERROR;
				GCC_WARN_UNDECLARED_SELECTOR = YES;
				GCC_WARN_UNINITIALIZED_AUTOS = YES_AGGRESSIVE;
				GCC_WARN_UNUSED_FUNCTION = YES;
				GCC_WARN_UNUSED_VARIABLE = YES;
				IPHONEOS_DEPLOYMENT_TARGET = 17.5;
				LOCALIZATION_PREFERS_STRING_CATALOGS = YES;
				MTL_ENABLE_DEBUG_INFO = NO;
				MTL_FAST_MATH = YES;
				SDKROOT = iphoneos;
				SWIFT_COMPILATION_MODE = wholemodule;
				VALIDATE_PRODUCT = YES;
			};
			name = Release;
		};
		83358DD72C55CA1200F0787B /* Debug */ = {
			isa = XCBuildConfiguration;
			buildSettings = {
				ASSETCATALOG_COMPILER_APPICON_NAME = AppIcon;
				ASSETCATALOG_COMPILER_GLOBAL_ACCENT_COLOR_NAME = AccentColor;
				CODE_SIGN_STYLE = Automatic;
				CURRENT_PROJECT_VERSION = 1;
				DEVELOPMENT_ASSET_PATHS = "\"SwiftUIVideoFeedTutorial/Preview Content\"";
				DEVELOPMENT_TEAM = 84LWTY6T5F;
				ENABLE_PREVIEWS = YES;
				GENERATE_INFOPLIST_FILE = YES;
				INFOPLIST_KEY_UIApplicationSceneManifest_Generation = YES;
				INFOPLIST_KEY_UIApplicationSupportsIndirectInputEvents = YES;
				INFOPLIST_KEY_UILaunchScreen_Generation = YES;
				INFOPLIST_KEY_UISupportedInterfaceOrientations_iPad = "UIInterfaceOrientationPortrait UIInterfaceOrientationPortraitUpsideDown UIInterfaceOrientationLandscapeLeft UIInterfaceOrientationLandscapeRight";
				INFOPLIST_KEY_UISupportedInterfaceOrientations_iPhone = "UIInterfaceOrientationPortrait UIInterfaceOrientationLandscapeLeft UIInterfaceOrientationLandscapeRight";
				LD_RUNPATH_SEARCH_PATHS = (
					"$(inherited)",
					"@executable_path/Frameworks",
				);
				MARKETING_VERSION = 1.0;
				PRODUCT_BUNDLE_IDENTIFIER = com.DocsApps.SwiftUIVideoFeedTutorial;
				PRODUCT_NAME = "$(TARGET_NAME)";
				SWIFT_EMIT_LOC_STRINGS = YES;
				SWIFT_VERSION = 5.0;
				TARGETED_DEVICE_FAMILY = "1,2";
			};
			name = Debug;
		};
		83358DD82C55CA1200F0787B /* Release */ = {
			isa = XCBuildConfiguration;
			buildSettings = {
				ASSETCATALOG_COMPILER_APPICON_NAME = AppIcon;
				ASSETCATALOG_COMPILER_GLOBAL_ACCENT_COLOR_NAME = AccentColor;
				CODE_SIGN_STYLE = Automatic;
				CURRENT_PROJECT_VERSION = 1;
				DEVELOPMENT_ASSET_PATHS = "\"SwiftUIVideoFeedTutorial/Preview Content\"";
				DEVELOPMENT_TEAM = 84LWTY6T5F;
				ENABLE_PREVIEWS = YES;
				GENERATE_INFOPLIST_FILE = YES;
				INFOPLIST_KEY_UIApplicationSceneManifest_Generation = YES;
				INFOPLIST_KEY_UIApplicationSupportsIndirectInputEvents = YES;
				INFOPLIST_KEY_UILaunchScreen_Generation = YES;
				INFOPLIST_KEY_UISupportedInterfaceOrientations_iPad = "UIInterfaceOrientationPortrait UIInterfaceOrientationPortraitUpsideDown UIInterfaceOrientationLandscapeLeft UIInterfaceOrientationLandscapeRight";
				INFOPLIST_KEY_UISupportedInterfaceOrientations_iPhone = "UIInterfaceOrientationPortrait UIInterfaceOrientationLandscapeLeft UIInterfaceOrientationLandscapeRight";
				LD_RUNPATH_SEARCH_PATHS = (
					"$(inherited)",
					"@executable_path/Frameworks",
				);
				MARKETING_VERSION = 1.0;
				PRODUCT_BUNDLE_IDENTIFIER = com.DocsApps.SwiftUIVideoFeedTutorial;
				PRODUCT_NAME = "$(TARGET_NAME)";
				SWIFT_EMIT_LOC_STRINGS = YES;
				SWIFT_VERSION = 5.0;
				TARGETED_DEVICE_FAMILY = "1,2";
			};
			name = Release;
		};
/* End XCBuildConfiguration section */

/* Begin XCConfigurationList section */
		83358DC32C55CA1000F0787B /* Build configuration list for PBXProject "SwiftUIVideoFeedTutorial" */ = {
			isa = XCConfigurationList;
			buildConfigurations = (
				83358DD42C55CA1200F0787B /* Debug */,
				83358DD52C55CA1200F0787B /* Release */,
			);
			defaultConfigurationIsVisible = 0;
			defaultConfigurationName = Release;
		};
		83358DD62C55CA1200F0787B /* Build configuration list for PBXNativeTarget "SwiftUIVideoFeedTutorial" */ = {
			isa = XCConfigurationList;
			buildConfigurations = (
				83358DD72C55CA1200F0787B /* Debug */,
				83358DD82C55CA1200F0787B /* Release */,
			);
			defaultConfigurationIsVisible = 0;
			defaultConfigurationName = Release;
		};
/* End XCConfigurationList section */

/* Begin XCRemoteSwiftPackageReference section */
		83358DE22C55D40800F0787B /* XCRemoteSwiftPackageReference "firebase-ios-sdk" */ = {
			isa = XCRemoteSwiftPackageReference;
			repositoryURL = "https://github.com/firebase/firebase-ios-sdk.git";
			requirement = {
				kind = upToNextMajorVersion;
				minimumVersion = 10.29.0;
			};
		};
/* End XCRemoteSwiftPackageReference section */

/* Begin XCSwiftPackageProductDependency section */
		83358DE32C55D40800F0787B /* FirebaseFirestore */ = {
			isa = XCSwiftPackageProductDependency;
			package = 83358DE22C55D40800F0787B /* XCRemoteSwiftPackageReference "firebase-ios-sdk" */;
			productName = FirebaseFirestore;
		};
		83358DE52C55D40800F0787B /* FirebaseFirestoreSwift */ = {
			isa = XCSwiftPackageProductDependency;
			package = 83358DE22C55D40800F0787B /* XCRemoteSwiftPackageReference "firebase-ios-sdk" */;
			productName = FirebaseFirestoreSwift;
		};
		83358DE72C55D40800F0787B /* FirebaseStorage */ = {
			isa = XCSwiftPackageProductDependency;
			package = 83358DE22C55D40800F0787B /* XCRemoteSwiftPackageReference "firebase-ios-sdk" */;
			productName = FirebaseStorage;
		};
/* End XCSwiftPackageProductDependency section */
	};
	rootObject = 83358DC02C55CA1000F0787B /* Project object */;
}
